# This file is automatically @generated by Poetry 1.7.1 and should not be changed by hand.

[[package]]
name = "hupper"
version = "1.12.1"
description = "Integrated process monitor for developing and reloading daemons."
optional = false
python-versions = ">=3.7"
files = [
    {file = "hupper-1.12.1-py3-none-any.whl", hash = "sha256:e872b959f09d90be5fb615bd2e62de89a0b57efc037bdf9637fb09cdf8552b19"},
    {file = "hupper-1.12.1.tar.gz", hash = "sha256:06bf54170ff4ecf4c84ad5f188dee3901173ab449c2608ad05b9bfd6b13e32eb"},
]

[package.extras]
docs = ["Sphinx", "pylons-sphinx-themes", "setuptools", "watchdog"]
testing = ["mock", "pytest", "pytest-cov", "watchdog"]

[metadata]
lock-version = "2.0"
python-versions = "^3.9"
content-hash = "0265ce3c6ed5da5ee6d5509b93be4bc0a47be5c1cefd000fc71adcf43b23c1f9"
